// !$*UTF8*$!
{
	archiveVersion = 1;
	classes = {
	};
	objectVersion = 50;
	objects = {

/* Begin PBXBuildFile section */
		69989E7323D93DBA00093D37 /* art.scnassets in Resources */ = {isa = PBXBuildFile; fileRef = 69989E7223D93DBA00093D37 /* art.scnassets */; };
		D48DD9BC23D8CCC7001AD2AC /* AppDelegate.swift in Sources */ = {isa = PBXBuildFile; fileRef = D48DD9BB23D8CCC7001AD2AC /* AppDelegate.swift */; };
		D48DD9BE23D8CCC7001AD2AC /* SceneDelegate.swift in Sources */ = {isa = PBXBuildFile; fileRef = D48DD9BD23D8CCC7001AD2AC /* SceneDelegate.swift */; };
		D48DD9C023D8CCC7001AD2AC /* ViewController.swift in Sources */ = {isa = PBXBuildFile; fileRef = D48DD9BF23D8CCC7001AD2AC /* ViewController.swift */; };
		D48DD9C323D8CCC7001AD2AC /* Main.storyboard in Resources */ = {isa = PBXBuildFile; fileRef = D48DD9C123D8CCC7001AD2AC /* Main.storyboard */; };
		D48DD9C523D8CCCB001AD2AC /* Assets.xcassets in Resources */ = {isa = PBXBuildFile; fileRef = D48DD9C423D8CCCB001AD2AC /* Assets.xcassets */; };
		D48DD9C823D8CCCB001AD2AC /* LaunchScreen.storyboard in Resources */ = {isa = PBXBuildFile; fileRef = D48DD9C623D8CCCB001AD2AC /* LaunchScreen.storyboard */; };
		D4B9D2F8240D7312005E95EC /* BookView.swift in Sources */ = {isa = PBXBuildFile; fileRef = D4B9D2F7240D7312005E95EC /* BookView.swift */; };
		D4B9D2FA240D7327005E95EC /* BookView.xib in Resources */ = {isa = PBXBuildFile; fileRef = D4B9D2F9240D7327005E95EC /* BookView.xib */; };
		D4B9D300240DB3E5005E95EC /* DeviceInformation.swift in Sources */ = {isa = PBXBuildFile; fileRef = D4B9D2FF240DB3E5005E95EC /* DeviceInformation.swift */; };
		D4B9D304240DCCE2005E95EC /* StoryPageViewController.swift in Sources */ = {isa = PBXBuildFile; fileRef = D4B9D303240DCCE2005E95EC /* StoryPageViewController.swift */; };
		D4B9D306240DCCF6005E95EC /* Pages.storyboard in Resources */ = {isa = PBXBuildFile; fileRef = D4B9D305240DCCF6005E95EC /* Pages.storyboard */; };
		D4B9D308240DCE26005E95EC /* StoryImageViewController.swift in Sources */ = {isa = PBXBuildFile; fileRef = D4B9D307240DCE26005E95EC /* StoryImageViewController.swift */; };
/* End PBXBuildFile section */

/* Begin PBXFileReference section */
		69989E7223D93DBA00093D37 /* art.scnassets */ = {isa = PBXFileReference; lastKnownFileType = wrapper.scnassets; path = art.scnassets; sourceTree = "<group>"; };
		D48DD9B823D8CCC7001AD2AC /* AR_Story.app */ = {isa = PBXFileReference; explicitFileType = wrapper.application; includeInIndex = 0; path = AR_Story.app; sourceTree = BUILT_PRODUCTS_DIR; };
		D48DD9BB23D8CCC7001AD2AC /* AppDelegate.swift */ = {isa = PBXFileReference; lastKnownFileType = sourcecode.swift; path = AppDelegate.swift; sourceTree = "<group>"; };
		D48DD9BD23D8CCC7001AD2AC /* SceneDelegate.swift */ = {isa = PBXFileReference; lastKnownFileType = sourcecode.swift; path = SceneDelegate.swift; sourceTree = "<group>"; };
		D48DD9BF23D8CCC7001AD2AC /* ViewController.swift */ = {isa = PBXFileReference; lastKnownFileType = sourcecode.swift; path = ViewController.swift; sourceTree = "<group>"; };
		D48DD9C223D8CCC7001AD2AC /* Base */ = {isa = PBXFileReference; lastKnownFileType = file.storyboard; name = Base; path = Base.lproj/Main.storyboard; sourceTree = "<group>"; };
		D48DD9C423D8CCCB001AD2AC /* Assets.xcassets */ = {isa = PBXFileReference; lastKnownFileType = folder.assetcatalog; path = Assets.xcassets; sourceTree = "<group>"; };
		D48DD9C723D8CCCB001AD2AC /* Base */ = {isa = PBXFileReference; lastKnownFileType = file.storyboard; name = Base; path = Base.lproj/LaunchScreen.storyboard; sourceTree = "<group>"; };
		D48DD9C923D8CCCB001AD2AC /* Info.plist */ = {isa = PBXFileReference; lastKnownFileType = text.plist.xml; path = Info.plist; sourceTree = "<group>"; };
		D4B9D2F7240D7312005E95EC /* BookView.swift */ = {isa = PBXFileReference; lastKnownFileType = sourcecode.swift; path = BookView.swift; sourceTree = "<group>"; };
		D4B9D2F9240D7327005E95EC /* BookView.xib */ = {isa = PBXFileReference; lastKnownFileType = file.xib; path = BookView.xib; sourceTree = "<group>"; };
		D4B9D2FF240DB3E5005E95EC /* DeviceInformation.swift */ = {isa = PBXFileReference; lastKnownFileType = sourcecode.swift; path = DeviceInformation.swift; sourceTree = "<group>"; };
		D4B9D303240DCCE2005E95EC /* StoryPageViewController.swift */ = {isa = PBXFileReference; lastKnownFileType = sourcecode.swift; path = StoryPageViewController.swift; sourceTree = "<group>"; };
		D4B9D305240DCCF6005E95EC /* Pages.storyboard */ = {isa = PBXFileReference; lastKnownFileType = file.storyboard; path = Pages.storyboard; sourceTree = "<group>"; };
		D4B9D307240DCE26005E95EC /* StoryImageViewController.swift */ = {isa = PBXFileReference; lastKnownFileType = sourcecode.swift; path = StoryImageViewController.swift; sourceTree = "<group>"; };
/* End PBXFileReference section */

/* Begin PBXFrameworksBuildPhase section */
		D48DD9B523D8CCC7001AD2AC /* Frameworks */ = {
			isa = PBXFrameworksBuildPhase;
			buildActionMask = 2147483647;
			files = (
			);
			runOnlyForDeploymentPostprocessing = 0;
		};
/* End PBXFrameworksBuildPhase section */

/* Begin PBXGroup section */
		D48DD9AF23D8CCC7001AD2AC = {
			isa = PBXGroup;
			children = (
				D48DD9BA23D8CCC7001AD2AC /* AR_Story */,
				D48DD9B923D8CCC7001AD2AC /* Products */,
			);
			sourceTree = "<group>";
		};
		D48DD9B923D8CCC7001AD2AC /* Products */ = {
			isa = PBXGroup;
			children = (
				D48DD9B823D8CCC7001AD2AC /* AR_Story.app */,
			);
			name = Products;
			sourceTree = "<group>";
		};
		D48DD9BA23D8CCC7001AD2AC /* AR_Story */ = {
			isa = PBXGroup;
			children = (
				D4B9D301240DCCA8005E95EC /* Views */,
				D4B9D2FB240DB212005E95EC /* Model */,
				D48DD9BB23D8CCC7001AD2AC /* AppDelegate.swift */,
				D48DD9BD23D8CCC7001AD2AC /* SceneDelegate.swift */,
				D48DD9BF23D8CCC7001AD2AC /* ViewController.swift */,
				D48DD9C123D8CCC7001AD2AC /* Main.storyboard */,
				D48DD9C423D8CCCB001AD2AC /* Assets.xcassets */,
				D48DD9C623D8CCCB001AD2AC /* LaunchScreen.storyboard */,
				D48DD9C923D8CCCB001AD2AC /* Info.plist */,
				69989E7223D93DBA00093D37 /* art.scnassets */,
			);
			path = AR_Story;
			sourceTree = "<group>";
		};
		D4B9D2F2240D70BA005E95EC /* Book */ = {
			isa = PBXGroup;
			children = (
				D4B9D302240DCCBB005E95EC /* Pages */,
				D4B9D2F7240D7312005E95EC /* BookView.swift */,
				D4B9D2F9240D7327005E95EC /* BookView.xib */,
			);
			path = Book;
			sourceTree = "<group>";
		};
		D4B9D2FB240DB212005E95EC /* Model */ = {
			isa = PBXGroup;
			children = (
				D4B9D2FF240DB3E5005E95EC /* DeviceInformation.swift */,
			);
			path = Model;
			sourceTree = "<group>";
		};
		D4B9D301240DCCA8005E95EC /* Views */ = {
			isa = PBXGroup;
			children = (
				D4B9D2F2240D70BA005E95EC /* Book */,
			);
			path = Views;
			sourceTree = "<group>";
		};
		D4B9D302240DCCBB005E95EC /* Pages */ = {
			isa = PBXGroup;
			children = (
				D4B9D303240DCCE2005E95EC /* StoryPageViewController.swift */,
				D4B9D307240DCE26005E95EC /* StoryImageViewController.swift */,
				D4B9D305240DCCF6005E95EC /* Pages.storyboard */,
			);
			path = Pages;
			sourceTree = "<group>";
		};
/* End PBXGroup section */

/* Begin PBXNativeTarget section */
		D48DD9B723D8CCC7001AD2AC /* AR_Story */ = {
			isa = PBXNativeTarget;
			buildConfigurationList = D48DD9CC23D8CCCB001AD2AC /* Build configuration list for PBXNativeTarget "AR_Story" */;
			buildPhases = (
				D48DD9B423D8CCC7001AD2AC /* Sources */,
				D48DD9B523D8CCC7001AD2AC /* Frameworks */,
				D48DD9B623D8CCC7001AD2AC /* Resources */,
			);
			buildRules = (
			);
			dependencies = (
			);
			name = AR_Story;
			productName = AR_Story;
			productReference = D48DD9B823D8CCC7001AD2AC /* AR_Story.app */;
			productType = "com.apple.product-type.application";
		};
/* End PBXNativeTarget section */

/* Begin PBXProject section */
		D48DD9B023D8CCC7001AD2AC /* Project object */ = {
			isa = PBXProject;
			attributes = {
				LastSwiftUpdateCheck = 1130;
				LastUpgradeCheck = 1130;
				ORGANIZATIONNAME = "Alejandro Mendoza";
				TargetAttributes = {
					D48DD9B723D8CCC7001AD2AC = {
						CreatedOnToolsVersion = 11.3;
					};
				};
			};
			buildConfigurationList = D48DD9B323D8CCC7001AD2AC /* Build configuration list for PBXProject "AR_Story" */;
			compatibilityVersion = "Xcode 9.3";
			developmentRegion = en;
			hasScannedForEncodings = 0;
			knownRegions = (
				en,
				Base,
			);
			mainGroup = D48DD9AF23D8CCC7001AD2AC;
			productRefGroup = D48DD9B923D8CCC7001AD2AC /* Products */;
			projectDirPath = "";
			projectRoot = "";
			targets = (
				D48DD9B723D8CCC7001AD2AC /* AR_Story */,
			);
		};
/* End PBXProject section */

/* Begin PBXResourcesBuildPhase section */
		D48DD9B623D8CCC7001AD2AC /* Resources */ = {
			isa = PBXResourcesBuildPhase;
			buildActionMask = 2147483647;
			files = (
				69989E7323D93DBA00093D37 /* art.scnassets in Resources */,
				D4B9D2FA240D7327005E95EC /* BookView.xib in Resources */,
				D48DD9C823D8CCCB001AD2AC /* LaunchScreen.storyboard in Resources */,
				D48DD9C523D8CCCB001AD2AC /* Assets.xcassets in Resources */,
				D48DD9C323D8CCC7001AD2AC /* Main.storyboard in Resources */,
				D4B9D306240DCCF6005E95EC /* Pages.storyboard in Resources */,
			);
			runOnlyForDeploymentPostprocessing = 0;
		};
/* End PBXResourcesBuildPhase section */

/* Begin PBXSourcesBuildPhase section */
		D48DD9B423D8CCC7001AD2AC /* Sources */ = {
			isa = PBXSourcesBuildPhase;
			buildActionMask = 2147483647;
			files = (
				D48DD9C023D8CCC7001AD2AC /* ViewController.swift in Sources */,
				D4B9D304240DCCE2005E95EC /* StoryPageViewController.swift in Sources */,
				D4B9D308240DCE26005E95EC /* StoryImageViewController.swift in Sources */,
				D4B9D300240DB3E5005E95EC /* DeviceInformation.swift in Sources */,
				D48DD9BC23D8CCC7001AD2AC /* AppDelegate.swift in Sources */,
				D48DD9BE23D8CCC7001AD2AC /* SceneDelegate.swift in Sources */,
				D4B9D2F8240D7312005E95EC /* BookView.swift in Sources */,
			);
			runOnlyForDeploymentPostprocessing = 0;
		};
/* End PBXSourcesBuildPhase section */

/* Begin PBXVariantGroup section */
		D48DD9C123D8CCC7001AD2AC /* Main.storyboard */ = {
			isa = PBXVariantGroup;
			children = (
				D48DD9C223D8CCC7001AD2AC /* Base */,
			);
			name = Main.storyboard;
			sourceTree = "<group>";
		};
		D48DD9C623D8CCCB001AD2AC /* LaunchScreen.storyboard */ = {
			isa = PBXVariantGroup;
			children = (
				D48DD9C723D8CCCB001AD2AC /* Base */,
			);
			name = LaunchScreen.storyboard;
			sourceTree = "<group>";
		};
/* End PBXVariantGroup section */

/* Begin XCBuildConfiguration section */
		D48DD9CA23D8CCCB001AD2AC /* Debug */ = {
			isa = XCBuildConfiguration;
			buildSettings = {
				ALWAYS_SEARCH_USER_PATHS = NO;
				CLANG_ANALYZER_NONNULL = YES;
				CLANG_ANALYZER_NUMBER_OBJECT_CONVERSION = YES_AGGRESSIVE;
				CLANG_CXX_LANGUAGE_STANDARD = "gnu++14";
				CLANG_CXX_LIBRARY = "libc++";
				CLANG_ENABLE_MODULES = YES;
				CLANG_ENABLE_OBJC_ARC = YES;
				CLANG_ENABLE_OBJC_WEAK = YES;
				CLANG_WARN_BLOCK_CAPTURE_AUTORELEASING = YES;
				CLANG_WARN_BOOL_CONVERSION = YES;
				CLANG_WARN_COMMA = YES;
				CLANG_WARN_CONSTANT_CONVERSION = YES;
				CLANG_WARN_DEPRECATED_OBJC_IMPLEMENTATIONS = YES;
				CLANG_WARN_DIRECT_OBJC_ISA_USAGE = YES_ERROR;
				CLANG_WARN_DOCUMENTATION_COMMENTS = YES;
				CLANG_WARN_EMPTY_BODY = YES;
				CLANG_WARN_ENUM_CONVERSION = YES;
				CLANG_WARN_INFINITE_RECURSION = YES;
				CLANG_WARN_INT_CONVERSION = YES;
				CLANG_WARN_NON_LITERAL_NULL_CONVERSION = YES;
				CLANG_WARN_OBJC_IMPLICIT_RETAIN_SELF = YES;
				CLANG_WARN_OBJC_LITERAL_CONVERSION = YES;
				CLANG_WARN_OBJC_ROOT_CLASS = YES_ERROR;
				CLANG_WARN_RANGE_LOOP_ANALYSIS = YES;
				CLANG_WARN_STRICT_PROTOTYPES = YES;
				CLANG_WARN_SUSPICIOUS_MOVE = YES;
				CLANG_WARN_UNGUARDED_AVAILABILITY = YES_AGGRESSIVE;
				CLANG_WARN_UNREACHABLE_CODE = YES;
				CLANG_WARN__DUPLICATE_METHOD_MATCH = YES;
				COPY_PHASE_STRIP = NO;
				DEBUG_INFORMATION_FORMAT = dwarf;
				ENABLE_STRICT_OBJC_MSGSEND = YES;
				ENABLE_TESTABILITY = YES;
				GCC_C_LANGUAGE_STANDARD = gnu11;
				GCC_DYNAMIC_NO_PIC = NO;
				GCC_NO_COMMON_BLOCKS = YES;
				GCC_OPTIMIZATION_LEVEL = 0;
				GCC_PREPROCESSOR_DEFINITIONS = (
					"DEBUG=1",
					"$(inherited)",
				);
				GCC_WARN_64_TO_32_BIT_CONVERSION = YES;
				GCC_WARN_ABOUT_RETURN_TYPE = YES_ERROR;
				GCC_WARN_UNDECLARED_SELECTOR = YES;
				GCC_WARN_UNINITIALIZED_AUTOS = YES_AGGRESSIVE;
				GCC_WARN_UNUSED_FUNCTION = YES;
				GCC_WARN_UNUSED_VARIABLE = YES;
				IPHONEOS_DEPLOYMENT_TARGET = 13.2;
				MTL_ENABLE_DEBUG_INFO = INCLUDE_SOURCE;
				MTL_FAST_MATH = YES;
				ONLY_ACTIVE_ARCH = YES;
				SDKROOT = iphoneos;
				SWIFT_ACTIVE_COMPILATION_CONDITIONS = DEBUG;
				SWIFT_OPTIMIZATION_LEVEL = "-Onone";
			};
			name = Debug;
		};
		D48DD9CB23D8CCCB001AD2AC /* Release */ = {
			isa = XCBuildConfiguration;
			buildSettings = {
				ALWAYS_SEARCH_USER_PATHS = NO;
				CLANG_ANALYZER_NONNULL = YES;
				CLANG_ANALYZER_NUMBER_OBJECT_CONVERSION = YES_AGGRESSIVE;
				CLANG_CXX_LANGUAGE_STANDARD = "gnu++14";
				CLANG_CXX_LIBRARY = "libc++";
				CLANG_ENABLE_MODULES = YES;
				CLANG_ENABLE_OBJC_ARC = YES;
				CLANG_ENABLE_OBJC_WEAK = YES;
				CLANG_WARN_BLOCK_CAPTURE_AUTORELEASING = YES;
				CLANG_WARN_BOOL_CONVERSION = YES;
				CLANG_WARN_COMMA = YES;
				CLANG_WARN_CONSTANT_CONVERSION = YES;
				CLANG_WARN_DEPRECATED_OBJC_IMPLEMENTATIONS = YES;
				CLANG_WARN_DIRECT_OBJC_ISA_USAGE = YES_ERROR;
				CLANG_WARN_DOCUMENTATION_COMMENTS = YES;
				CLANG_WARN_EMPTY_BODY = YES;
				CLANG_WARN_ENUM_CONVERSION = YES;
				CLANG_WARN_INFINITE_RECURSION = YES;
				CLANG_WARN_INT_CONVERSION = YES;
				CLANG_WARN_NON_LITERAL_NULL_CONVERSION = YES;
				CLANG_WARN_OBJC_IMPLICIT_RETAIN_SELF = YES;
				CLANG_WARN_OBJC_LITERAL_CONVERSION = YES;
				CLANG_WARN_OBJC_ROOT_CLASS = YES_ERROR;
				CLANG_WARN_RANGE_LOOP_ANALYSIS = YES;
				CLANG_WARN_STRICT_PROTOTYPES = YES;
				CLANG_WARN_SUSPICIOUS_MOVE = YES;
				CLANG_WARN_UNGUARDED_AVAILABILITY = YES_AGGRESSIVE;
				CLANG_WARN_UNREACHABLE_CODE = YES;
				CLANG_WARN__DUPLICATE_METHOD_MATCH = YES;
				COPY_PHASE_STRIP = NO;
				DEBUG_INFORMATION_FORMAT = "dwarf-with-dsym";
				ENABLE_NS_ASSERTIONS = NO;
				ENABLE_STRICT_OBJC_MSGSEND = YES;
				GCC_C_LANGUAGE_STANDARD = gnu11;
				GCC_NO_COMMON_BLOCKS = YES;
				GCC_WARN_64_TO_32_BIT_CONVERSION = YES;
				GCC_WARN_ABOUT_RETURN_TYPE = YES_ERROR;
				GCC_WARN_UNDECLARED_SELECTOR = YES;
				GCC_WARN_UNINITIALIZED_AUTOS = YES_AGGRESSIVE;
				GCC_WARN_UNUSED_FUNCTION = YES;
				GCC_WARN_UNUSED_VARIABLE = YES;
				IPHONEOS_DEPLOYMENT_TARGET = 13.2;
				MTL_ENABLE_DEBUG_INFO = NO;
				MTL_FAST_MATH = YES;
				SDKROOT = iphoneos;
				SWIFT_COMPILATION_MODE = wholemodule;
				SWIFT_OPTIMIZATION_LEVEL = "-O";
				VALIDATE_PRODUCT = YES;
			};
			name = Release;
		};
		D48DD9CD23D8CCCB001AD2AC /* Debug */ = {
			isa = XCBuildConfiguration;
			buildSettings = {
				ASSETCATALOG_COMPILER_APPICON_NAME = AppIcon;
				CODE_SIGN_STYLE = Automatic;
				DEVELOPMENT_TEAM = 59JWRUY5S9;
				INFOPLIST_FILE = AR_Story/Info.plist;
				LD_RUNPATH_SEARCH_PATHS = (
					"$(inherited)",
					"@executable_path/Frameworks",
				);
				PRODUCT_BUNDLE_IDENTIFIER = "com.zippi.AR-Story";
				PRODUCT_NAME = "$(TARGET_NAME)";
				SWIFT_VERSION = 5.0;
				TARGETED_DEVICE_FAMILY = "1,2";
			};
			name = Debug;
		};
		D48DD9CE23D8CCCB001AD2AC /* Release */ = {
			isa = XCBuildConfiguration;
			buildSettings = {
				ASSETCATALOG_COMPILER_APPICON_NAME = AppIcon;
				CODE_SIGN_STYLE = Automatic;
				DEVELOPMENT_TEAM = 59JWRUY5S9;
				INFOPLIST_FILE = AR_Story/Info.plist;
				LD_RUNPATH_SEARCH_PATHS = (
					"$(inherited)",
					"@executable_path/Frameworks",
				);
				PRODUCT_BUNDLE_IDENTIFIER = "com.zippi.AR-Story";
				PRODUCT_NAME = "$(TARGET_NAME)";
				SWIFT_VERSION = 5.0;
				TARGETED_DEVICE_FAMILY = "1,2";
			};
			name = Release;
		};
/* End XCBuildConfiguration section */

/* Begin XCConfigurationList section */
		D48DD9B323D8CCC7001AD2AC /* Build configuration list for PBXProject "AR_Story" */ = {
			isa = XCConfigurationList;
			buildConfigurations = (
				D48DD9CA23D8CCCB001AD2AC /* Debug */,
				D48DD9CB23D8CCCB001AD2AC /* Release */,
			);
			defaultConfigurationIsVisible = 0;
			defaultConfigurationName = Release;
		};
		D48DD9CC23D8CCCB001AD2AC /* Build configuration list for PBXNativeTarget "AR_Story" */ = {
			isa = XCConfigurationList;
			buildConfigurations = (
				D48DD9CD23D8CCCB001AD2AC /* Debug */,
				D48DD9CE23D8CCCB001AD2AC /* Release */,
			);
			defaultConfigurationIsVisible = 0;
			defaultConfigurationName = Release;
		};
/* End XCConfigurationList section */
	};
	rootObject = D48DD9B023D8CCC7001AD2AC /* Project object */;
}
